// !$*UTF8*$!
{
	archiveVersion = 1;
	classes = {
	};
	objectVersion = 46;
	objects = {

/* Begin PBXBuildFile section */
		067A4A611B76DFE80001BF26 /* main.m in Sources */ = {isa = PBXBuildFile; fileRef = 067A4A601B76DFE80001BF26 /* main.m */; };
		067A4A691B76E0230001BF26 /* RadixSort.m in Sources */ = {isa = PBXBuildFile; fileRef = 067A4A681B76E0230001BF26 /* RadixSort.m */; };
		067A4A6C1B76E1970001BF26 /* NSMutableArray+QueueAdditions.m in Sources */ = {isa = PBXBuildFile; fileRef = 067A4A6B1B76E1970001BF26 /* NSMutableArray+QueueAdditions.m */; };
/* End PBXBuildFile section */

/* Begin PBXCopyFilesBuildPhase section */
		067A4A5B1B76DFE80001BF26 /* CopyFiles */ = {
			isa = PBXCopyFilesBuildPhase;
			buildActionMask = 2147483647;
			dstPath = /usr/share/man/man1/;
			dstSubfolderSpec = 0;
			files = (
			);
			runOnlyForDeploymentPostprocessing = 1;
		};
/* End PBXCopyFilesBuildPhase section */

/* Begin PBXFileReference section */
		067A4A5D1B76DFE80001BF26 /* RadixSort */ = {isa = PBXFileReference; explicitFileType = "compiled.mach-o.executable"; includeInIndex = 0; path = RadixSort; sourceTree = BUILT_PRODUCTS_DIR; };
		067A4A601B76DFE80001BF26 /* main.m */ = {isa = PBXFileReference; lastKnownFileType = sourcecode.c.objc; path = main.m; sourceTree = "<group>"; };
		067A4A671B76E0230001BF26 /* RadixSort.h */ = {isa = PBXFileReference; fileEncoding = 4; lastKnownFileType = sourcecode.c.h; path = RadixSort.h; sourceTree = "<group>"; };
		067A4A681B76E0230001BF26 /* RadixSort.m */ = {isa = PBXFileReference; fileEncoding = 4; lastKnownFileType = sourcecode.c.objc; path = RadixSort.m; sourceTree = "<group>"; };
		067A4A6A1B76E1970001BF26 /* NSMutableArray+QueueAdditions.h */ = {isa = PBXFileReference; fileEncoding = 4; lastKnownFileType = sourcecode.c.h; path = "NSMutableArray+QueueAdditions.h"; sourceTree = "<group>"; };
		067A4A6B1B76E1970001BF26 /* NSMutableArray+QueueAdditions.m */ = {isa = PBXFileReference; fileEncoding = 4; lastKnownFileType = sourcecode.c.objc; path = "NSMutableArray+QueueAdditions.m"; sourceTree = "<group>"; };
/* End PBXFileReference section */

/* Begin PBXFrameworksBuildPhase section */
		067A4A5A1B76DFE80001BF26 /* Frameworks */ = {
			isa = PBXFrameworksBuildPhase;
			buildActionMask = 2147483647;
			files = (
			);
			runOnlyForDeploymentPostprocessing = 0;
		};
/* End PBXFrameworksBuildPhase section */

/* Begin PBXGroup section */
		067A4A541B76DFE80001BF26 = {
			isa = PBXGroup;
			children = (
				067A4A5F1B76DFE80001BF26 /* RadixSort */,
				067A4A5E1B76DFE80001BF26 /* Products */,
			);
			sourceTree = "<group>";
		};
		067A4A5E1B76DFE80001BF26 /* Products */ = {
			isa = PBXGroup;
			children = (
				067A4A5D1B76DFE80001BF26 /* RadixSort */,
			);
			name = Products;
			sourceTree = "<group>";
		};
		067A4A5F1B76DFE80001BF26 /* RadixSort */ = {
			isa = PBXGroup;
			children = (
				067A4A601B76DFE80001BF26 /* main.m */,
				067A4A6A1B76E1970001BF26 /* NSMutableArray+QueueAdditions.h */,
				067A4A6B1B76E1970001BF26 /* NSMutableArray+QueueAdditions.m */,
				067A4A671B76E0230001BF26 /* RadixSort.h */,
				067A4A681B76E0230001BF26 /* RadixSort.m */,
			);
			path = RadixSort;
			sourceTree = "<group>";
		};
/* End PBXGroup section */

/* Begin PBXNativeTarget section */
		067A4A5C1B76DFE80001BF26 /* RadixSort */ = {
			isa = PBXNativeTarget;
			buildConfigurationList = 067A4A641B76DFE80001BF26 /* Build configuration list for PBXNativeTarget "RadixSort" */;
			buildPhases = (
				067A4A591B76DFE80001BF26 /* Sources */,
				067A4A5A1B76DFE80001BF26 /* Frameworks */,
				067A4A5B1B76DFE80001BF26 /* CopyFiles */,
			);
			buildRules = (
			);
			dependencies = (
			);
			name = RadixSort;
			productName = RadixSort;
			productReference = 067A4A5D1B76DFE80001BF26 /* RadixSort */;
			productType = "com.apple.product-type.tool";
		};
/* End PBXNativeTarget section */

/* Begin PBXProject section */
		067A4A551B76DFE80001BF26 /* Project object */ = {
			isa = PBXProject;
			attributes = {
				LastUpgradeCheck = 0640;
				ORGANIZATIONNAME = Dario;
				TargetAttributes = {
					067A4A5C1B76DFE80001BF26 = {
						CreatedOnToolsVersion = 6.4;
					};
				};
			};
			buildConfigurationList = 067A4A581B76DFE80001BF26 /* Build configuration list for PBXProject "RadixSort" */;
			compatibilityVersion = "Xcode 3.2";
			developmentRegion = English;
			hasScannedForEncodings = 0;
			knownRegions = (
				en,
			);
			mainGroup = 067A4A541B76DFE80001BF26;
			productRefGroup = 067A4A5E1B76DFE80001BF26 /* Products */;
			projectDirPath = "";
			projectRoot = "";
			targets = (
				067A4A5C1B76DFE80001BF26 /* RadixSort */,
			);
		};
/* End PBXProject section */

/* Begin PBXSourcesBuildPhase section */
		067A4A591B76DFE80001BF26 /* Sources */ = {
			isa = PBXSourcesBuildPhase;
			buildActionMask = 2147483647;
			files = (
				067A4A691B76E0230001BF26 /* RadixSort.m in Sources */,
				067A4A6C1B76E1970001BF26 /* NSMutableArray+QueueAdditions.m in Sources */,
				067A4A611B76DFE80001BF26 /* main.m in Sources */,
			);
			runOnlyForDeploymentPostprocessing = 0;
		};
/* End PBXSourcesBuildPhase section */

/* Begin XCBuildConfiguration section */
		067A4A621B76DFE80001BF26 /* Debug */ = {
			isa = XCBuildConfiguration;
			buildSettings = {
				ALWAYS_SEARCH_USER_PATHS = NO;
				CLANG_CXX_LANGUAGE_STANDARD = "gnu++0x";
				CLANG_CXX_LIBRARY = "libc++";
				CLANG_ENABLE_MODULES = YES;
				CLANG_ENABLE_OBJC_ARC = YES;
				CLANG_WARN_BOOL_CONVERSION = YES;
				CLANG_WARN_CONSTANT_CONVERSION = YES;
				CLANG_WARN_DIRECT_OBJC_ISA_USAGE = YES_ERROR;
				CLANG_WARN_EMPTY_BODY = YES;
				CLANG_WARN_ENUM_CONVERSION = YES;
				CLANG_WARN_INT_CONVERSION = YES;
				CLANG_WARN_OBJC_ROOT_CLASS = YES_ERROR;
				CLANG_WARN_UNREACHABLE_CODE = YES;
				CLANG_WARN__DUPLICATE_METHOD_MATCH = YES;
				COPY_PHASE_STRIP = NO;
				DEBUG_INFORMATION_FORMAT = dwarf;
				ENABLE_STRICT_OBJC_MSGSEND = YES;
				GCC_C_LANGUAGE_STANDARD = gnu99;
				GCC_DYNAMIC_NO_PIC = NO;
				GCC_NO_COMMON_BLOCKS = YES;
				GCC_OPTIMIZATION_LEVEL = 0;
				GCC_PREPROCESSOR_DEFINITIONS = (
					"DEBUG=1",
					"$(inherited)",
				);
				GCC_SYMBOLS_PRIVATE_EXTERN = NO;
				GCC_WARN_64_TO_32_BIT_CONVERSION = YES;
				GCC_WARN_ABOUT_RETURN_TYPE = YES_ERROR;
				GCC_WARN_UNDECLARED_SELECTOR = YES;
				GCC_WARN_UNINITIALIZED_AUTOS = YES_AGGRESSIVE;
				GCC_WARN_UNUSED_FUNCTION = YES;
				GCC_WARN_UNUSED_VARIABLE = YES;
				MACOSX_DEPLOYMENT_TARGET = 10.10;
				MTL_ENABLE_DEBUG_INFO = YES;
				ONLY_ACTIVE_ARCH = YES;
				SDKROOT = macosx;
			};
			name = Debug;
		};
		067A4A631B76DFE80001BF26 /* Release */ = {
			isa = XCBuildConfiguration;
			buildSettings = {
				ALWAYS_SEARCH_USER_PATHS = NO;
				CLANG_CXX_LANGUAGE_STANDARD = "gnu++0x";
				CLANG_CXX_LIBRARY = "libc++";
				CLANG_ENABLE_MODULES = YES;
				CLANG_ENABLE_OBJC_ARC = YES;
				CLANG_WARN_BOOL_CONVERSION = YES;
				CLANG_WARN_CONSTANT_CONVERSION = YES;
				CLANG_WARN_DIRECT_OBJC_ISA_USAGE = YES_ERROR;
				CLANG_WARN_EMPTY_BODY = YES;
				CLANG_WARN_ENUM_CONVERSION = YES;
				CLANG_WARN_INT_CONVERSION = YES;
				CLANG_WARN_OBJC_ROOT_CLASS = YES_ERROR;
				CLANG_WARN_UNREACHABLE_CODE = YES;
				CLANG_WARN__DUPLICATE_METHOD_MATCH = YES;
				COPY_PHASE_STRIP = NO;
				DEBUG_INFORMATION_FORMAT = "dwarf-with-dsym";
				ENABLE_NS_ASSERTIONS = NO;
				ENABLE_STRICT_OBJC_MSGSEND = YES;
				GCC_C_LANGUAGE_STANDARD = gnu99;
				GCC_NO_COMMON_BLOCKS = YES;
				GCC_WARN_64_TO_32_BIT_CONVERSION = YES;
				GCC_WARN_ABOUT_RETURN_TYPE = YES_ERROR;
				GCC_WARN_UNDECLARED_SELECTOR = YES;
				GCC_WARN_UNINITIALIZED_AUTOS = YES_AGGRESSIVE;
				GCC_WARN_UNUSED_FUNCTION = YES;
				GCC_WARN_UNUSED_VARIABLE = YES;
				MACOSX_DEPLOYMENT_TARGET = 10.10;
				MTL_ENABLE_DEBUG_INFO = NO;
				SDKROOT = macosx;
			};
			name = Release;
		};
		067A4A651B76DFE80001BF26 /* Debug */ = {
			isa = XCBuildConfiguration;
			buildSettings = {
				PRODUCT_NAME = "$(TARGET_NAME)";
			};
			name = Debug;
		};
		067A4A661B76DFE80001BF26 /* Release */ = {
			isa = XCBuildConfiguration;
			buildSettings = {
				PRODUCT_NAME = "$(TARGET_NAME)";
			};
			name = Release;
		};
/* End XCBuildConfiguration section */

/* Begin XCConfigurationList section */
		067A4A581B76DFE80001BF26 /* Build configuration list for PBXProject "RadixSort" */ = {
			isa = XCConfigurationList;
			buildConfigurations = (
				067A4A621B76DFE80001BF26 /* Debug */,
				067A4A631B76DFE80001BF26 /* Release */,
			);
			defaultConfigurationIsVisible = 0;
			defaultConfigurationName = Release;
		};
		067A4A641B76DFE80001BF26 /* Build configuration list for PBXNativeTarget "RadixSort" */ = {
			isa = XCConfigurationList;
			buildConfigurations = (
				067A4A651B76DFE80001BF26 /* Debug */,
				067A4A661B76DFE80001BF26 /* Release */,
			);
			defaultConfigurationIsVisible = 0;
		};
/* End XCConfigurationList section */
	};
	rootObject = 067A4A551B76DFE80001BF26 /* Project object */;
}
