// !$*UTF8*$!
{
	archiveVersion = 1;
	classes = {
	};
	objectVersion = 46;
	objects = {

/* Begin PBXBuildFile section */
		06D60D3E1B82A8BC00481095 /* main.m in Sources */ = {isa = PBXBuildFile; fileRef = 06D60D3D1B82A8BC00481095 /* main.m */; };
/* End PBXBuildFile section */

/* Begin PBXCopyFilesBuildPhase section */
		06D60D381B82A8BC00481095 /* CopyFiles */ = {
			isa = PBXCopyFilesBuildPhase;
			buildActionMask = 2147483647;
			dstPath = /usr/share/man/man1/;
			dstSubfolderSpec = 0;
			files = (
			);
			runOnlyForDeploymentPostprocessing = 1;
		};
/* End PBXCopyFilesBuildPhase section */

/* Begin PBXFileReference section */
		06D60D3A1B82A8BC00481095 /* Find the element that appears once in a sorted array */ = {isa = PBXFileReference; explicitFileType = "compiled.mach-o.executable"; includeInIndex = 0; path = "Find the element that appears once in a sorted array"; sourceTree = BUILT_PRODUCTS_DIR; };
		06D60D3D1B82A8BC00481095 /* main.m */ = {isa = PBXFileReference; lastKnownFileType = sourcecode.c.objc; path = main.m; sourceTree = "<group>"; };
/* End PBXFileReference section */

/* Begin PBXFrameworksBuildPhase section */
		06D60D371B82A8BC00481095 /* Frameworks */ = {
			isa = PBXFrameworksBuildPhase;
			buildActionMask = 2147483647;
			files = (
			);
			runOnlyForDeploymentPostprocessing = 0;
		};
/* End PBXFrameworksBuildPhase section */

/* Begin PBXGroup section */
		06D60D311B82A8BC00481095 = {
			isa = PBXGroup;
			children = (
				06D60D3C1B82A8BC00481095 /* Find the element that appears once in a sorted array */,
				06D60D3B1B82A8BC00481095 /* Products */,
			);
			sourceTree = "<group>";
		};
		06D60D3B1B82A8BC00481095 /* Products */ = {
			isa = PBXGroup;
			children = (
				06D60D3A1B82A8BC00481095 /* Find the element that appears once in a sorted array */,
			);
			name = Products;
			sourceTree = "<group>";
		};
		06D60D3C1B82A8BC00481095 /* Find the element that appears once in a sorted array */ = {
			isa = PBXGroup;
			children = (
				06D60D3D1B82A8BC00481095 /* main.m */,
			);
			path = "Find the element that appears once in a sorted array";
			sourceTree = "<group>";
		};
/* End PBXGroup section */

/* Begin PBXNativeTarget section */
		06D60D391B82A8BC00481095 /* Find the element that appears once in a sorted array */ = {
			isa = PBXNativeTarget;
			buildConfigurationList = 06D60D411B82A8BC00481095 /* Build configuration list for PBXNativeTarget "Find the element that appears once in a sorted array" */;
			buildPhases = (
				06D60D361B82A8BC00481095 /* Sources */,
				06D60D371B82A8BC00481095 /* Frameworks */,
				06D60D381B82A8BC00481095 /* CopyFiles */,
			);
			buildRules = (
			);
			dependencies = (
			);
			name = "Find the element that appears once in a sorted array";
			productName = "Find the element that appears once in a sorted array";
			productReference = 06D60D3A1B82A8BC00481095 /* Find the element that appears once in a sorted array */;
			productType = "com.apple.product-type.tool";
		};
/* End PBXNativeTarget section */

/* Begin PBXProject section */
		06D60D321B82A8BC00481095 /* Project object */ = {
			isa = PBXProject;
			attributes = {
				LastUpgradeCheck = 0640;
				ORGANIZATIONNAME = Dario;
				TargetAttributes = {
					06D60D391B82A8BC00481095 = {
						CreatedOnToolsVersion = 6.4;
					};
				};
			};
			buildConfigurationList = 06D60D351B82A8BC00481095 /* Build configuration list for PBXProject "Find the element that appears once in a sorted array" */;
			compatibilityVersion = "Xcode 3.2";
			developmentRegion = English;
			hasScannedForEncodings = 0;
			knownRegions = (
				en,
			);
			mainGroup = 06D60D311B82A8BC00481095;
			productRefGroup = 06D60D3B1B82A8BC00481095 /* Products */;
			projectDirPath = "";
			projectRoot = "";
			targets = (
				06D60D391B82A8BC00481095 /* Find the element that appears once in a sorted array */,
			);
		};
/* End PBXProject section */

/* Begin PBXSourcesBuildPhase section */
		06D60D361B82A8BC00481095 /* Sources */ = {
			isa = PBXSourcesBuildPhase;
			buildActionMask = 2147483647;
			files = (
				06D60D3E1B82A8BC00481095 /* main.m in Sources */,
			);
			runOnlyForDeploymentPostprocessing = 0;
		};
/* End PBXSourcesBuildPhase section */

/* Begin XCBuildConfiguration section */
		06D60D3F1B82A8BC00481095 /* Debug */ = {
			isa = XCBuildConfiguration;
			buildSettings = {
				ALWAYS_SEARCH_USER_PATHS = NO;
				CLANG_CXX_LANGUAGE_STANDARD = "gnu++0x";
				CLANG_CXX_LIBRARY = "libc++";
				CLANG_ENABLE_MODULES = YES;
				CLANG_ENABLE_OBJC_ARC = YES;
				CLANG_WARN_BOOL_CONVERSION = YES;
				CLANG_WARN_CONSTANT_CONVERSION = YES;
				CLANG_WARN_DIRECT_OBJC_ISA_USAGE = YES_ERROR;
				CLANG_WARN_EMPTY_BODY = YES;
				CLANG_WARN_ENUM_CONVERSION = YES;
				CLANG_WARN_INT_CONVERSION = YES;
				CLANG_WARN_OBJC_ROOT_CLASS = YES_ERROR;
				CLANG_WARN_UNREACHABLE_CODE = YES;
				CLANG_WARN__DUPLICATE_METHOD_MATCH = YES;
				COPY_PHASE_STRIP = NO;
				DEBUG_INFORMATION_FORMAT = dwarf;
				ENABLE_STRICT_OBJC_MSGSEND = YES;
				GCC_C_LANGUAGE_STANDARD = gnu99;
				GCC_DYNAMIC_NO_PIC = NO;
				GCC_NO_COMMON_BLOCKS = YES;
				GCC_OPTIMIZATION_LEVEL = 0;
				GCC_PREPROCESSOR_DEFINITIONS = (
					"DEBUG=1",
					"$(inherited)",
				);
				GCC_SYMBOLS_PRIVATE_EXTERN = NO;
				GCC_WARN_64_TO_32_BIT_CONVERSION = YES;
				GCC_WARN_ABOUT_RETURN_TYPE = YES_ERROR;
				GCC_WARN_UNDECLARED_SELECTOR = YES;
				GCC_WARN_UNINITIALIZED_AUTOS = YES_AGGRESSIVE;
				GCC_WARN_UNUSED_FUNCTION = YES;
				GCC_WARN_UNUSED_VARIABLE = YES;
				MACOSX_DEPLOYMENT_TARGET = 10.10;
				MTL_ENABLE_DEBUG_INFO = YES;
				ONLY_ACTIVE_ARCH = YES;
				SDKROOT = macosx;
			};
			name = Debug;
		};
		06D60D401B82A8BC00481095 /* Release */ = {
			isa = XCBuildConfiguration;
			buildSettings = {
				ALWAYS_SEARCH_USER_PATHS = NO;
				CLANG_CXX_LANGUAGE_STANDARD = "gnu++0x";
				CLANG_CXX_LIBRARY = "libc++";
				CLANG_ENABLE_MODULES = YES;
				CLANG_ENABLE_OBJC_ARC = YES;
				CLANG_WARN_BOOL_CONVERSION = YES;
				CLANG_WARN_CONSTANT_CONVERSION = YES;
				CLANG_WARN_DIRECT_OBJC_ISA_USAGE = YES_ERROR;
				CLANG_WARN_EMPTY_BODY = YES;
				CLANG_WARN_ENUM_CONVERSION = YES;
				CLANG_WARN_INT_CONVERSION = YES;
				CLANG_WARN_OBJC_ROOT_CLASS = YES_ERROR;
				CLANG_WARN_UNREACHABLE_CODE = YES;
				CLANG_WARN__DUPLICATE_METHOD_MATCH = YES;
				COPY_PHASE_STRIP = NO;
				DEBUG_INFORMATION_FORMAT = "dwarf-with-dsym";
				ENABLE_NS_ASSERTIONS = NO;
				ENABLE_STRICT_OBJC_MSGSEND = YES;
				GCC_C_LANGUAGE_STANDARD = gnu99;
				GCC_NO_COMMON_BLOCKS = YES;
				GCC_WARN_64_TO_32_BIT_CONVERSION = YES;
				GCC_WARN_ABOUT_RETURN_TYPE = YES_ERROR;
				GCC_WARN_UNDECLARED_SELECTOR = YES;
				GCC_WARN_UNINITIALIZED_AUTOS = YES_AGGRESSIVE;
				GCC_WARN_UNUSED_FUNCTION = YES;
				GCC_WARN_UNUSED_VARIABLE = YES;
				MACOSX_DEPLOYMENT_TARGET = 10.10;
				MTL_ENABLE_DEBUG_INFO = NO;
				SDKROOT = macosx;
			};
			name = Release;
		};
		06D60D421B82A8BC00481095 /* Debug */ = {
			isa = XCBuildConfiguration;
			buildSettings = {
				PRODUCT_NAME = "$(TARGET_NAME)";
			};
			name = Debug;
		};
		06D60D431B82A8BC00481095 /* Release */ = {
			isa = XCBuildConfiguration;
			buildSettings = {
				PRODUCT_NAME = "$(TARGET_NAME)";
			};
			name = Release;
		};
/* End XCBuildConfiguration section */

/* Begin XCConfigurationList section */
		06D60D351B82A8BC00481095 /* Build configuration list for PBXProject "Find the element that appears once in a sorted array" */ = {
			isa = XCConfigurationList;
			buildConfigurations = (
				06D60D3F1B82A8BC00481095 /* Debug */,
				06D60D401B82A8BC00481095 /* Release */,
			);
			defaultConfigurationIsVisible = 0;
			defaultConfigurationName = Release;
		};
		06D60D411B82A8BC00481095 /* Build configuration list for PBXNativeTarget "Find the element that appears once in a sorted array" */ = {
			isa = XCConfigurationList;
			buildConfigurations = (
				06D60D421B82A8BC00481095 /* Debug */,
				06D60D431B82A8BC00481095 /* Release */,
			);
			defaultConfigurationIsVisible = 0;
		};
/* End XCConfigurationList section */
	};
	rootObject = 06D60D321B82A8BC00481095 /* Project object */;
}
