// !$*UTF8*$!
{
	archiveVersion = 1;
	classes = {
	};
	objectVersion = 46;
	objects = {

/* Begin PBXBuildFile section */
		06000C3E1B7A1D53008005CB /* main.m in Sources */ = {isa = PBXBuildFile; fileRef = 06000C3D1B7A1D53008005CB /* main.m */; };
/* End PBXBuildFile section */

/* Begin PBXCopyFilesBuildPhase section */
		06000C381B7A1D53008005CB /* CopyFiles */ = {
			isa = PBXCopyFilesBuildPhase;
			buildActionMask = 2147483647;
			dstPath = /usr/share/man/man1/;
			dstSubfolderSpec = 0;
			files = (
			);
			runOnlyForDeploymentPostprocessing = 1;
		};
/* End PBXCopyFilesBuildPhase section */

/* Begin PBXFileReference section */
		06000C3A1B7A1D53008005CB /* SortAnagramsWithTests */ = {isa = PBXFileReference; explicitFileType = "compiled.mach-o.executable"; includeInIndex = 0; path = SortAnagramsWithTests; sourceTree = BUILT_PRODUCTS_DIR; };
		06000C3D1B7A1D53008005CB /* main.m */ = {isa = PBXFileReference; lastKnownFileType = sourcecode.c.objc; path = main.m; sourceTree = "<group>"; };
/* End PBXFileReference section */

/* Begin PBXFrameworksBuildPhase section */
		06000C371B7A1D53008005CB /* Frameworks */ = {
			isa = PBXFrameworksBuildPhase;
			buildActionMask = 2147483647;
			files = (
			);
			runOnlyForDeploymentPostprocessing = 0;
		};
/* End PBXFrameworksBuildPhase section */

/* Begin PBXGroup section */
		06000C311B7A1D53008005CB = {
			isa = PBXGroup;
			children = (
				06000C3C1B7A1D53008005CB /* SortAnagramsWithTests */,
				06000C3B1B7A1D53008005CB /* Products */,
			);
			sourceTree = "<group>";
		};
		06000C3B1B7A1D53008005CB /* Products */ = {
			isa = PBXGroup;
			children = (
				06000C3A1B7A1D53008005CB /* SortAnagramsWithTests */,
			);
			name = Products;
			sourceTree = "<group>";
		};
		06000C3C1B7A1D53008005CB /* SortAnagramsWithTests */ = {
			isa = PBXGroup;
			children = (
				06000C3D1B7A1D53008005CB /* main.m */,
			);
			path = SortAnagramsWithTests;
			sourceTree = "<group>";
		};
/* End PBXGroup section */

/* Begin PBXNativeTarget section */
		06000C391B7A1D53008005CB /* SortAnagramsWithTests */ = {
			isa = PBXNativeTarget;
			buildConfigurationList = 06000C411B7A1D53008005CB /* Build configuration list for PBXNativeTarget "SortAnagramsWithTests" */;
			buildPhases = (
				06000C361B7A1D53008005CB /* Sources */,
				06000C371B7A1D53008005CB /* Frameworks */,
				06000C381B7A1D53008005CB /* CopyFiles */,
			);
			buildRules = (
			);
			dependencies = (
			);
			name = SortAnagramsWithTests;
			productName = SortAnagramsWithTests;
			productReference = 06000C3A1B7A1D53008005CB /* SortAnagramsWithTests */;
			productType = "com.apple.product-type.tool";
		};
/* End PBXNativeTarget section */

/* Begin PBXProject section */
		06000C321B7A1D53008005CB /* Project object */ = {
			isa = PBXProject;
			attributes = {
				LastUpgradeCheck = 0640;
				ORGANIZATIONNAME = Dario;
				TargetAttributes = {
					06000C391B7A1D53008005CB = {
						CreatedOnToolsVersion = 6.4;
					};
				};
			};
			buildConfigurationList = 06000C351B7A1D53008005CB /* Build configuration list for PBXProject "SortAnagramsWithTests" */;
			compatibilityVersion = "Xcode 3.2";
			developmentRegion = English;
			hasScannedForEncodings = 0;
			knownRegions = (
				en,
			);
			mainGroup = 06000C311B7A1D53008005CB;
			productRefGroup = 06000C3B1B7A1D53008005CB /* Products */;
			projectDirPath = "";
			projectRoot = "";
			targets = (
				06000C391B7A1D53008005CB /* SortAnagramsWithTests */,
			);
		};
/* End PBXProject section */

/* Begin PBXSourcesBuildPhase section */
		06000C361B7A1D53008005CB /* Sources */ = {
			isa = PBXSourcesBuildPhase;
			buildActionMask = 2147483647;
			files = (
				06000C3E1B7A1D53008005CB /* main.m in Sources */,
			);
			runOnlyForDeploymentPostprocessing = 0;
		};
/* End PBXSourcesBuildPhase section */

/* Begin XCBuildConfiguration section */
		06000C3F1B7A1D53008005CB /* Debug */ = {
			isa = XCBuildConfiguration;
			buildSettings = {
				ALWAYS_SEARCH_USER_PATHS = NO;
				CLANG_CXX_LANGUAGE_STANDARD = "gnu++0x";
				CLANG_CXX_LIBRARY = "libc++";
				CLANG_ENABLE_MODULES = YES;
				CLANG_ENABLE_OBJC_ARC = YES;
				CLANG_WARN_BOOL_CONVERSION = YES;
				CLANG_WARN_CONSTANT_CONVERSION = YES;
				CLANG_WARN_DIRECT_OBJC_ISA_USAGE = YES_ERROR;
				CLANG_WARN_EMPTY_BODY = YES;
				CLANG_WARN_ENUM_CONVERSION = YES;
				CLANG_WARN_INT_CONVERSION = YES;
				CLANG_WARN_OBJC_ROOT_CLASS = YES_ERROR;
				CLANG_WARN_UNREACHABLE_CODE = YES;
				CLANG_WARN__DUPLICATE_METHOD_MATCH = YES;
				COPY_PHASE_STRIP = NO;
				DEBUG_INFORMATION_FORMAT = dwarf;
				ENABLE_STRICT_OBJC_MSGSEND = YES;
				GCC_C_LANGUAGE_STANDARD = gnu99;
				GCC_DYNAMIC_NO_PIC = NO;
				GCC_NO_COMMON_BLOCKS = YES;
				GCC_OPTIMIZATION_LEVEL = 0;
				GCC_PREPROCESSOR_DEFINITIONS = (
					"DEBUG=1",
					"$(inherited)",
				);
				GCC_SYMBOLS_PRIVATE_EXTERN = NO;
				GCC_WARN_64_TO_32_BIT_CONVERSION = YES;
				GCC_WARN_ABOUT_RETURN_TYPE = YES_ERROR;
				GCC_WARN_UNDECLARED_SELECTOR = YES;
				GCC_WARN_UNINITIALIZED_AUTOS = YES_AGGRESSIVE;
				GCC_WARN_UNUSED_FUNCTION = YES;
				GCC_WARN_UNUSED_VARIABLE = YES;
				MACOSX_DEPLOYMENT_TARGET = 10.10;
				MTL_ENABLE_DEBUG_INFO = YES;
				ONLY_ACTIVE_ARCH = YES;
				SDKROOT = macosx;
			};
			name = Debug;
		};
		06000C401B7A1D53008005CB /* Release */ = {
			isa = XCBuildConfiguration;
			buildSettings = {
				ALWAYS_SEARCH_USER_PATHS = NO;
				CLANG_CXX_LANGUAGE_STANDARD = "gnu++0x";
				CLANG_CXX_LIBRARY = "libc++";
				CLANG_ENABLE_MODULES = YES;
				CLANG_ENABLE_OBJC_ARC = YES;
				CLANG_WARN_BOOL_CONVERSION = YES;
				CLANG_WARN_CONSTANT_CONVERSION = YES;
				CLANG_WARN_DIRECT_OBJC_ISA_USAGE = YES_ERROR;
				CLANG_WARN_EMPTY_BODY = YES;
				CLANG_WARN_ENUM_CONVERSION = YES;
				CLANG_WARN_INT_CONVERSION = YES;
				CLANG_WARN_OBJC_ROOT_CLASS = YES_ERROR;
				CLANG_WARN_UNREACHABLE_CODE = YES;
				CLANG_WARN__DUPLICATE_METHOD_MATCH = YES;
				COPY_PHASE_STRIP = NO;
				DEBUG_INFORMATION_FORMAT = "dwarf-with-dsym";
				ENABLE_NS_ASSERTIONS = NO;
				ENABLE_STRICT_OBJC_MSGSEND = YES;
				GCC_C_LANGUAGE_STANDARD = gnu99;
				GCC_NO_COMMON_BLOCKS = YES;
				GCC_WARN_64_TO_32_BIT_CONVERSION = YES;
				GCC_WARN_ABOUT_RETURN_TYPE = YES_ERROR;
				GCC_WARN_UNDECLARED_SELECTOR = YES;
				GCC_WARN_UNINITIALIZED_AUTOS = YES_AGGRESSIVE;
				GCC_WARN_UNUSED_FUNCTION = YES;
				GCC_WARN_UNUSED_VARIABLE = YES;
				MACOSX_DEPLOYMENT_TARGET = 10.10;
				MTL_ENABLE_DEBUG_INFO = NO;
				SDKROOT = macosx;
			};
			name = Release;
		};
		06000C421B7A1D53008005CB /* Debug */ = {
			isa = XCBuildConfiguration;
			buildSettings = {
				PRODUCT_NAME = "$(TARGET_NAME)";
			};
			name = Debug;
		};
		06000C431B7A1D53008005CB /* Release */ = {
			isa = XCBuildConfiguration;
			buildSettings = {
				PRODUCT_NAME = "$(TARGET_NAME)";
			};
			name = Release;
		};
/* End XCBuildConfiguration section */

/* Begin XCConfigurationList section */
		06000C351B7A1D53008005CB /* Build configuration list for PBXProject "SortAnagramsWithTests" */ = {
			isa = XCConfigurationList;
			buildConfigurations = (
				06000C3F1B7A1D53008005CB /* Debug */,
				06000C401B7A1D53008005CB /* Release */,
			);
			defaultConfigurationIsVisible = 0;
			defaultConfigurationName = Release;
		};
		06000C411B7A1D53008005CB /* Build configuration list for PBXNativeTarget "SortAnagramsWithTests" */ = {
			isa = XCConfigurationList;
			buildConfigurations = (
				06000C421B7A1D53008005CB /* Debug */,
				06000C431B7A1D53008005CB /* Release */,
			);
			defaultConfigurationIsVisible = 0;
		};
/* End XCConfigurationList section */
	};
	rootObject = 06000C321B7A1D53008005CB /* Project object */;
}
