// !$*UTF8*$!
{
	archiveVersion = 1;
	classes = {
	};
	objectVersion = 46;
	objects = {

/* Begin PBXBuildFile section */
		065300661B83DC5200E93210 /* main.m in Sources */ = {isa = PBXBuildFile; fileRef = 065300651B83DC5200E93210 /* main.m */; };
/* End PBXBuildFile section */

/* Begin PBXCopyFilesBuildPhase section */
		065300601B83DC5200E93210 /* CopyFiles */ = {
			isa = PBXCopyFilesBuildPhase;
			buildActionMask = 2147483647;
			dstPath = /usr/share/man/man1/;
			dstSubfolderSpec = 0;
			files = (
			);
			runOnlyForDeploymentPostprocessing = 1;
		};
/* End PBXCopyFilesBuildPhase section */

/* Begin PBXFileReference section */
		065300621B83DC5200E93210 /* tienes una lista the numeros, dame todos los pares que se puedan sumar a x */ = {isa = PBXFileReference; explicitFileType = "compiled.mach-o.executable"; includeInIndex = 0; path = "tienes una lista the numeros, dame todos los pares que se puedan sumar a x"; sourceTree = BUILT_PRODUCTS_DIR; };
		065300651B83DC5200E93210 /* main.m */ = {isa = PBXFileReference; lastKnownFileType = sourcecode.c.objc; path = main.m; sourceTree = "<group>"; };
/* End PBXFileReference section */

/* Begin PBXFrameworksBuildPhase section */
		0653005F1B83DC5200E93210 /* Frameworks */ = {
			isa = PBXFrameworksBuildPhase;
			buildActionMask = 2147483647;
			files = (
			);
			runOnlyForDeploymentPostprocessing = 0;
		};
/* End PBXFrameworksBuildPhase section */

/* Begin PBXGroup section */
		065300591B83DC5200E93210 = {
			isa = PBXGroup;
			children = (
				065300641B83DC5200E93210 /* tienes una lista the numeros, dame todos los pares que se puedan sumar a x */,
				065300631B83DC5200E93210 /* Products */,
			);
			sourceTree = "<group>";
		};
		065300631B83DC5200E93210 /* Products */ = {
			isa = PBXGroup;
			children = (
				065300621B83DC5200E93210 /* tienes una lista the numeros, dame todos los pares que se puedan sumar a x */,
			);
			name = Products;
			sourceTree = "<group>";
		};
		065300641B83DC5200E93210 /* tienes una lista the numeros, dame todos los pares que se puedan sumar a x */ = {
			isa = PBXGroup;
			children = (
				065300651B83DC5200E93210 /* main.m */,
			);
			path = "tienes una lista the numeros, dame todos los pares que se puedan sumar a x";
			sourceTree = "<group>";
		};
/* End PBXGroup section */

/* Begin PBXNativeTarget section */
		065300611B83DC5200E93210 /* tienes una lista the numeros, dame todos los pares que se puedan sumar a x */ = {
			isa = PBXNativeTarget;
			buildConfigurationList = 065300691B83DC5200E93210 /* Build configuration list for PBXNativeTarget "tienes una lista the numeros, dame todos los pares que se puedan sumar a x" */;
			buildPhases = (
				0653005E1B83DC5200E93210 /* Sources */,
				0653005F1B83DC5200E93210 /* Frameworks */,
				065300601B83DC5200E93210 /* CopyFiles */,
			);
			buildRules = (
			);
			dependencies = (
			);
			name = "tienes una lista the numeros, dame todos los pares que se puedan sumar a x";
			productName = "tienes una lista the numeros, dame todos los pares que se puedan sumar a x";
			productReference = 065300621B83DC5200E93210 /* tienes una lista the numeros, dame todos los pares que se puedan sumar a x */;
			productType = "com.apple.product-type.tool";
		};
/* End PBXNativeTarget section */

/* Begin PBXProject section */
		0653005A1B83DC5200E93210 /* Project object */ = {
			isa = PBXProject;
			attributes = {
				LastUpgradeCheck = 0640;
				ORGANIZATIONNAME = Dario;
				TargetAttributes = {
					065300611B83DC5200E93210 = {
						CreatedOnToolsVersion = 6.4;
					};
				};
			};
			buildConfigurationList = 0653005D1B83DC5200E93210 /* Build configuration list for PBXProject "tienes una lista the numeros, dame todos los pares que se puedan sumar a x" */;
			compatibilityVersion = "Xcode 3.2";
			developmentRegion = English;
			hasScannedForEncodings = 0;
			knownRegions = (
				en,
			);
			mainGroup = 065300591B83DC5200E93210;
			productRefGroup = 065300631B83DC5200E93210 /* Products */;
			projectDirPath = "";
			projectRoot = "";
			targets = (
				065300611B83DC5200E93210 /* tienes una lista the numeros, dame todos los pares que se puedan sumar a x */,
			);
		};
/* End PBXProject section */

/* Begin PBXSourcesBuildPhase section */
		0653005E1B83DC5200E93210 /* Sources */ = {
			isa = PBXSourcesBuildPhase;
			buildActionMask = 2147483647;
			files = (
				065300661B83DC5200E93210 /* main.m in Sources */,
			);
			runOnlyForDeploymentPostprocessing = 0;
		};
/* End PBXSourcesBuildPhase section */

/* Begin XCBuildConfiguration section */
		065300671B83DC5200E93210 /* Debug */ = {
			isa = XCBuildConfiguration;
			buildSettings = {
				ALWAYS_SEARCH_USER_PATHS = NO;
				CLANG_CXX_LANGUAGE_STANDARD = "gnu++0x";
				CLANG_CXX_LIBRARY = "libc++";
				CLANG_ENABLE_MODULES = YES;
				CLANG_ENABLE_OBJC_ARC = YES;
				CLANG_WARN_BOOL_CONVERSION = YES;
				CLANG_WARN_CONSTANT_CONVERSION = YES;
				CLANG_WARN_DIRECT_OBJC_ISA_USAGE = YES_ERROR;
				CLANG_WARN_EMPTY_BODY = YES;
				CLANG_WARN_ENUM_CONVERSION = YES;
				CLANG_WARN_INT_CONVERSION = YES;
				CLANG_WARN_OBJC_ROOT_CLASS = YES_ERROR;
				CLANG_WARN_UNREACHABLE_CODE = YES;
				CLANG_WARN__DUPLICATE_METHOD_MATCH = YES;
				COPY_PHASE_STRIP = NO;
				DEBUG_INFORMATION_FORMAT = dwarf;
				ENABLE_STRICT_OBJC_MSGSEND = YES;
				GCC_C_LANGUAGE_STANDARD = gnu99;
				GCC_DYNAMIC_NO_PIC = NO;
				GCC_NO_COMMON_BLOCKS = YES;
				GCC_OPTIMIZATION_LEVEL = 0;
				GCC_PREPROCESSOR_DEFINITIONS = (
					"DEBUG=1",
					"$(inherited)",
				);
				GCC_SYMBOLS_PRIVATE_EXTERN = NO;
				GCC_WARN_64_TO_32_BIT_CONVERSION = YES;
				GCC_WARN_ABOUT_RETURN_TYPE = YES_ERROR;
				GCC_WARN_UNDECLARED_SELECTOR = YES;
				GCC_WARN_UNINITIALIZED_AUTOS = YES_AGGRESSIVE;
				GCC_WARN_UNUSED_FUNCTION = YES;
				GCC_WARN_UNUSED_VARIABLE = YES;
				MACOSX_DEPLOYMENT_TARGET = 10.10;
				MTL_ENABLE_DEBUG_INFO = YES;
				ONLY_ACTIVE_ARCH = YES;
				SDKROOT = macosx;
			};
			name = Debug;
		};
		065300681B83DC5200E93210 /* Release */ = {
			isa = XCBuildConfiguration;
			buildSettings = {
				ALWAYS_SEARCH_USER_PATHS = NO;
				CLANG_CXX_LANGUAGE_STANDARD = "gnu++0x";
				CLANG_CXX_LIBRARY = "libc++";
				CLANG_ENABLE_MODULES = YES;
				CLANG_ENABLE_OBJC_ARC = YES;
				CLANG_WARN_BOOL_CONVERSION = YES;
				CLANG_WARN_CONSTANT_CONVERSION = YES;
				CLANG_WARN_DIRECT_OBJC_ISA_USAGE = YES_ERROR;
				CLANG_WARN_EMPTY_BODY = YES;
				CLANG_WARN_ENUM_CONVERSION = YES;
				CLANG_WARN_INT_CONVERSION = YES;
				CLANG_WARN_OBJC_ROOT_CLASS = YES_ERROR;
				CLANG_WARN_UNREACHABLE_CODE = YES;
				CLANG_WARN__DUPLICATE_METHOD_MATCH = YES;
				COPY_PHASE_STRIP = NO;
				DEBUG_INFORMATION_FORMAT = "dwarf-with-dsym";
				ENABLE_NS_ASSERTIONS = NO;
				ENABLE_STRICT_OBJC_MSGSEND = YES;
				GCC_C_LANGUAGE_STANDARD = gnu99;
				GCC_NO_COMMON_BLOCKS = YES;
				GCC_WARN_64_TO_32_BIT_CONVERSION = YES;
				GCC_WARN_ABOUT_RETURN_TYPE = YES_ERROR;
				GCC_WARN_UNDECLARED_SELECTOR = YES;
				GCC_WARN_UNINITIALIZED_AUTOS = YES_AGGRESSIVE;
				GCC_WARN_UNUSED_FUNCTION = YES;
				GCC_WARN_UNUSED_VARIABLE = YES;
				MACOSX_DEPLOYMENT_TARGET = 10.10;
				MTL_ENABLE_DEBUG_INFO = NO;
				SDKROOT = macosx;
			};
			name = Release;
		};
		0653006A1B83DC5200E93210 /* Debug */ = {
			isa = XCBuildConfiguration;
			buildSettings = {
				PRODUCT_NAME = "$(TARGET_NAME)";
			};
			name = Debug;
		};
		0653006B1B83DC5200E93210 /* Release */ = {
			isa = XCBuildConfiguration;
			buildSettings = {
				PRODUCT_NAME = "$(TARGET_NAME)";
			};
			name = Release;
		};
/* End XCBuildConfiguration section */

/* Begin XCConfigurationList section */
		0653005D1B83DC5200E93210 /* Build configuration list for PBXProject "tienes una lista the numeros, dame todos los pares que se puedan sumar a x" */ = {
			isa = XCConfigurationList;
			buildConfigurations = (
				065300671B83DC5200E93210 /* Debug */,
				065300681B83DC5200E93210 /* Release */,
			);
			defaultConfigurationIsVisible = 0;
			defaultConfigurationName = Release;
		};
		065300691B83DC5200E93210 /* Build configuration list for PBXNativeTarget "tienes una lista the numeros, dame todos los pares que se puedan sumar a x" */ = {
			isa = XCConfigurationList;
			buildConfigurations = (
				0653006A1B83DC5200E93210 /* Debug */,
				0653006B1B83DC5200E93210 /* Release */,
			);
			defaultConfigurationIsVisible = 0;
		};
/* End XCConfigurationList section */
	};
	rootObject = 0653005A1B83DC5200E93210 /* Project object */;
}
